{
  "name": "doomscroll-psa",
  "version": "1.0.0",
  "lockfileVersion": 3,
  "requires": true,
  "packages": {
    "": {
      "name": "doomscroll-psa",
      "version": "1.0.0",
      "license": "ISC",
      "dependencies": {
        "@fontsource/fredoka": "^5.3.0",
        "@fontsource/inter": "^5.3.0",
        "@fontsource/libre-franklin": "^5.3.0",
        "@fontsource/nunito": "^5.3.0",
        "@fontsource/special-elite": "^5.3.0",
        "@fontsource/vt323": "^5.3.0",
        "playwright": "^1.56.1"
      }
    },
    "node_modules/@fontsource/fredoka": {
      "version": "5.3.0",
      "resolved": "https://registry.npmjs.org/@fontsource/fredoka/-/fredoka-5.3.0.tgz",
      "integrity": "sha512-s2IhjQ50wDnKkkaKmjhtL0rxQg6ITsVusiipM3m7zUwVZZbbCKsscNDkngwp28xVzfIt7neWrkgU1qKqyTycQg==",
      "license": "OFL-1.1",
      "funding": {
        "url": "https://github.com/sponsors/ayuhito"
      }
    },
    "node_modules/@fontsource/inter": {
      "version": "5.3.0",
      "resolved": "https://registry.npmjs.org/@fontsource/inter/-/inter-5.3.0.tgz",
      "integrity": "sha512-RofMylZmjlJEfELXeNHFWBRcSs75rGU/6bV2S2jfnvv/3rPXPGe0LgUJTklcHZ9lM4OZmAVFhcJPnACfb91A3g==",
      "license": "OFL-1.1",
      "funding": {
        "url": "https://github.com/sponsors/ayuhito"
      }
    },
    "node_modules/@fontsource/libre-franklin": {
      "version": "5.3.0",
      "resolved": "https://registry.npmjs.org/@fontsource/libre-franklin/-/libre-franklin-5.3.0.tgz",
      "integrity": "sha512-owd+HDvD4hnGHG1jO3rHtg0BiNT0DJbZMaSqJ7g4r0646G5Q91MjTFWxZbpwg8njLu4BSH3EBqwkVSMLud6brg==",
      "license": "OFL-1.1",
      "funding": {
        "url": "https://github.com/sponsors/ayuhito"
      }
    },
    "node_modules/@fontsource/nunito": {
      "version": "5.3.0",
      "resolved": "https://registry.npmjs.org/@fontsource/nunito/-/nunito-5.3.0.tgz",
      "integrity": "sha512-vw9TaTQJ/zpEpKrsODuPmOvaVjXgdda6B+xXA4YqjrdeJ62MLgVoDerdRXFQHyBnSCt2yQ2nHKCHPP/Pv7Xq4Q==",
      "license": "OFL-1.1",
      "funding": {
        "url": "https://github.com/sponsors/ayuhito"
      }
    },
    "node_modules/@fontsource/special-elite": {
      "version": "5.3.0",
      "resolved": "https://registry.npmjs.org/@fontsource/special-elite/-/special-elite-5.3.0.tgz",
      "integrity": "sha512-fOQ9XU8m4KnqzcLibAXCxTsKzbxePNDjPqVss5GSMcPVCY1TuCv+Wq8gm1ebqIR6XS1rhMbQ7ECP9ocKVEEpTA==",
      "license": "Apache-2.0",
      "funding": {
        "url": "https://github.com/sponsors/ayuhito"
      }
    },
    "node_modules/@fontsource/vt323": {
      "version": "5.3.0",
      "resolved": "https://registry.npmjs.org/@fontsource/vt323/-/vt323-5.3.0.tgz",
      "integrity": "sha512-3w33Rg/0+R1587HQfz4t7Q7e0GGeCqr3wmzIwqdGInUnrGEwMA5eX39GP4Z9wpTQnwfhVOhYuxuRwRUeIcicbw==",
      "license": "OFL-1.1",
      "funding": {
        "url": "https://github.com/sponsors/ayuhito"
      }
    },
    "node_modules/fsevents": {
      "version": "2.3.2",
      "resolved": "https://registry.npmjs.org/fsevents/-/fsevents-2.3.2.tgz",
      "integrity": "sha512-xiqMQR4xAeHTuB9uWm+fFRcIOgKBMiOBP+eXiyT7jsgVCq1bkVygt00oASowB7EdtpOHaaPgKt812P9ab+DDKA==",
      "hasInstallScript": true,
      "license": "MIT",
      "optional": true,
      "os": [
        "darwin"
      ],
      "engines": {
        "node": "^8.16.0 || ^10.6.0 || >=11.0.0"
      }
    },
    "node_modules/playwright": {
      "version": "1.56.1",
      "resolved": "https://registry.npmjs.org/playwright/-/playwright-1.56.1.tgz",
      "integrity": "sha512-aFi5B0WovBHTEvpM3DzXTUaeN6eN0qWnTkKx4NQaH4Wvcmc153PdaY2UBdSYKaGYw+UyWXSVyxDUg5DoPEttjw==",
      "license": "Apache-2.0",
      "dependencies": {
        "playwright-core": "1.56.1"
      },
      "bin": {
        "playwright": "cli.js"
      },
      "engines": {
        "node": ">=18"
      },
      "optionalDependencies": {
        "fsevents": "2.3.2"
      }
    },
    "node_modules/playwright-core": {
      "version": "1.56.1",
      "resolved": "https://registry.npmjs.org/playwright-core/-/playwright-core-1.56.1.tgz",
      "integrity": "sha512-hutraynyn31F+Bifme+Ps9Vq59hKuUCz7H1kDOcBs+2oGguKkWTU50bBWrtz34OUWmIwpBTWDxaRPXrIXkgvmQ==",
      "license": "Apache-2.0",
      "bin": {
        "playwright-core": "cli.js"
      },
      "engines": {
        "node": ">=18"
      }
    }
  }
}
